// !$*UTF8*$!
{
	archiveVersion = 1;
	classes = {
	};
	objectVersion = 55;
	objects = {

/* Begin PBXBuildFile section */
		64D2FC172873FAF900C37157 /* CountryDetailView.swift in Sources */ = {isa = PBXBuildFile; fileRef = 64D2FC162873FAF900C37157 /* CountryDetailView.swift */; };
		64F88BC12872CBC400C1008A /* GraphQLSwiftUIApp.swift in Sources */ = {isa = PBXBuildFile; fileRef = 64F88BC02872CBC400C1008A /* GraphQLSwiftUIApp.swift */; };
		64F88BC32872CBC400C1008A /* ContentView.swift in Sources */ = {isa = PBXBuildFile; fileRef = 64F88BC22872CBC400C1008A /* ContentView.swift */; };
		64F88BC52872CBC800C1008A /* Assets.xcassets in Resources */ = {isa = PBXBuildFile; fileRef = 64F88BC42872CBC800C1008A /* Assets.xcassets */; };
		64F88BC82872CBC800C1008A /* Preview Assets.xcassets in Resources */ = {isa = PBXBuildFile; fileRef = 64F88BC72872CBC800C1008A /* Preview Assets.xcassets */; };
		64F88BD02872CD8400C1008A /* Apollo in Frameworks */ = {isa = PBXBuildFile; productRef = 64F88BCF2872CD8400C1008A /* Apollo */; };
		64F88BD22872D15000C1008A /* schema.json in Resources */ = {isa = PBXBuildFile; fileRef = 64F88BD12872D15000C1008A /* schema.json */; };
		64F88BD62872D28000C1008A /* Queries.graphql in Resources */ = {isa = PBXBuildFile; fileRef = 64F88BD52872D28000C1008A /* Queries.graphql */; };
		64F88BDA2872D4DD00C1008A /* Apollo in Frameworks */ = {isa = PBXBuildFile; productRef = 64F88BD92872D4DD00C1008A /* Apollo */; };
		64F88BDD2872D69F00C1008A /* Apollo in Frameworks */ = {isa = PBXBuildFile; productRef = 64F88BDC2872D69F00C1008A /* Apollo */; };
		64F88BDF2872D69F00C1008A /* ApolloCodegenLib in Frameworks */ = {isa = PBXBuildFile; productRef = 64F88BDE2872D69F00C1008A /* ApolloCodegenLib */; };
		64F88BE12872D69F00C1008A /* ApolloWebSocket in Frameworks */ = {isa = PBXBuildFile; productRef = 64F88BE02872D69F00C1008A /* ApolloWebSocket */; };
		64F88BE42872D6E500C1008A /* ApolloCodegenLib in Frameworks */ = {isa = PBXBuildFile; productRef = 64F88BE32872D6E500C1008A /* ApolloCodegenLib */; };
		64F88BE62872D6E500C1008A /* ApolloWebSocket in Frameworks */ = {isa = PBXBuildFile; productRef = 64F88BE52872D6E500C1008A /* ApolloWebSocket */; };
		64F88BE82872D78A00C1008A /* API.swift in Sources */ = {isa = PBXBuildFile; fileRef = 64F88BE72872D78A00C1008A /* API.swift */; };
		64F88BEA2872D87F00C1008A /* ApolloNetwork.swift in Sources */ = {isa = PBXBuildFile; fileRef = 64F88BE92872D87F00C1008A /* ApolloNetwork.swift */; };
/* End PBXBuildFile section */

/* Begin PBXFileReference section */
		64D2FC162873FAF900C37157 /* CountryDetailView.swift */ = {isa = PBXFileReference; lastKnownFileType = sourcecode.swift; path = CountryDetailView.swift; sourceTree = "<group>"; };
		64F88BBD2872CBC400C1008A /* GraphQLSwiftUI.app */ = {isa = PBXFileReference; explicitFileType = wrapper.application; includeInIndex = 0; path = GraphQLSwiftUI.app; sourceTree = BUILT_PRODUCTS_DIR; };
		64F88BC02872CBC400C1008A /* GraphQLSwiftUIApp.swift */ = {isa = PBXFileReference; lastKnownFileType = sourcecode.swift; path = GraphQLSwiftUIApp.swift; sourceTree = "<group>"; };
		64F88BC22872CBC400C1008A /* ContentView.swift */ = {isa = PBXFileReference; lastKnownFileType = sourcecode.swift; path = ContentView.swift; sourceTree = "<group>"; };
		64F88BC42872CBC800C1008A /* Assets.xcassets */ = {isa = PBXFileReference; lastKnownFileType = folder.assetcatalog; path = Assets.xcassets; sourceTree = "<group>"; };
		64F88BC72872CBC800C1008A /* Preview Assets.xcassets */ = {isa = PBXFileReference; lastKnownFileType = folder.assetcatalog; path = "Preview Assets.xcassets"; sourceTree = "<group>"; };
		64F88BD12872D15000C1008A /* schema.json */ = {isa = PBXFileReference; fileEncoding = 4; lastKnownFileType = text.json; path = schema.json; sourceTree = "<group>"; };
		64F88BD52872D28000C1008A /* Queries.graphql */ = {isa = PBXFileReference; lastKnownFileType = text; path = Queries.graphql; sourceTree = "<group>"; };
		64F88BE72872D78A00C1008A /* API.swift */ = {isa = PBXFileReference; fileEncoding = 4; lastKnownFileType = sourcecode.swift; path = API.swift; sourceTree = "<group>"; };
		64F88BE92872D87F00C1008A /* ApolloNetwork.swift */ = {isa = PBXFileReference; lastKnownFileType = sourcecode.swift; path = ApolloNetwork.swift; sourceTree = "<group>"; };
/* End PBXFileReference section */

/* Begin PBXFrameworksBuildPhase section */
		64F88BBA2872CBC400C1008A /* Frameworks */ = {
			isa = PBXFrameworksBuildPhase;
			buildActionMask = 2147483647;
			files = (
				64F88BD02872CD8400C1008A /* Apollo in Frameworks */,
				64F88BE42872D6E500C1008A /* ApolloCodegenLib in Frameworks */,
				64F88BDD2872D69F00C1008A /* Apollo in Frameworks */,
				64F88BE12872D69F00C1008A /* ApolloWebSocket in Frameworks */,
				64F88BE62872D6E500C1008A /* ApolloWebSocket in Frameworks */,
				64F88BDA2872D4DD00C1008A /* Apollo in Frameworks */,
				64F88BDF2872D69F00C1008A /* ApolloCodegenLib in Frameworks */,
			);
			runOnlyForDeploymentPostprocessing = 0;
		};
/* End PBXFrameworksBuildPhase section */

/* Begin PBXGroup section */
		64F88BB42872CBC400C1008A = {
			isa = PBXGroup;
			children = (
				64F88BBF2872CBC400C1008A /* GraphQLSwiftUI */,
				64F88BBE2872CBC400C1008A /* Products */,
			);
			sourceTree = "<group>";
		};
		64F88BBE2872CBC400C1008A /* Products */ = {
			isa = PBXGroup;
			children = (
				64F88BBD2872CBC400C1008A /* GraphQLSwiftUI.app */,
			);
			name = Products;
			sourceTree = "<group>";
		};
		64F88BBF2872CBC400C1008A /* GraphQLSwiftUI */ = {
			isa = PBXGroup;
			children = (
				64F88BD42872D26700C1008A /* GraphQL */,
				64F88BD12872D15000C1008A /* schema.json */,
				64F88BC02872CBC400C1008A /* GraphQLSwiftUIApp.swift */,
				64F88BC22872CBC400C1008A /* ContentView.swift */,
				64D2FC162873FAF900C37157 /* CountryDetailView.swift */,
				64F88BC42872CBC800C1008A /* Assets.xcassets */,
				64F88BC62872CBC800C1008A /* Preview Content */,
			);
			path = GraphQLSwiftUI;
			sourceTree = "<group>";
		};
		64F88BC62872CBC800C1008A /* Preview Content */ = {
			isa = PBXGroup;
			children = (
				64F88BC72872CBC800C1008A /* Preview Assets.xcassets */,
			);
			path = "Preview Content";
			sourceTree = "<group>";
		};
		64F88BD42872D26700C1008A /* GraphQL */ = {
			isa = PBXGroup;
			children = (
				64F88BE72872D78A00C1008A /* API.swift */,
				64F88BD52872D28000C1008A /* Queries.graphql */,
				64F88BE92872D87F00C1008A /* ApolloNetwork.swift */,
			);
			path = GraphQL;
			sourceTree = "<group>";
		};
/* End PBXGroup section */

/* Begin PBXNativeTarget section */
		64F88BBC2872CBC400C1008A /* GraphQLSwiftUI */ = {
			isa = PBXNativeTarget;
			buildConfigurationList = 64F88BCB2872CBC800C1008A /* Build configuration list for PBXNativeTarget "GraphQLSwiftUI" */;
			buildPhases = (
				64F88BD72872D37B00C1008A /* Generate Apollo GraphQL API */,
				64F88BB92872CBC400C1008A /* Sources */,
				64F88BBA2872CBC400C1008A /* Frameworks */,
				64F88BBB2872CBC400C1008A /* Resources */,
			);
			buildRules = (
			);
			dependencies = (
			);
			name = GraphQLSwiftUI;
			packageProductDependencies = (
				64F88BCF2872CD8400C1008A /* Apollo */,
				64F88BD92872D4DD00C1008A /* Apollo */,
				64F88BDC2872D69F00C1008A /* Apollo */,
				64F88BDE2872D69F00C1008A /* ApolloCodegenLib */,
				64F88BE02872D69F00C1008A /* ApolloWebSocket */,
				64F88BE32872D6E500C1008A /* ApolloCodegenLib */,
				64F88BE52872D6E500C1008A /* ApolloWebSocket */,
			);
			productName = GraphQLSwiftUI;
			productReference = 64F88BBD2872CBC400C1008A /* GraphQLSwiftUI.app */;
			productType = "com.apple.product-type.application";
		};
/* End PBXNativeTarget section */

/* Begin PBXProject section */
		64F88BB52872CBC400C1008A /* Project object */ = {
			isa = PBXProject;
			attributes = {
				BuildIndependentTargetsInParallel = 1;
				LastSwiftUpdateCheck = 1340;
				LastUpgradeCheck = 1340;
				TargetAttributes = {
					64F88BBC2872CBC400C1008A = {
						CreatedOnToolsVersion = 13.4.1;
					};
				};
			};
			buildConfigurationList = 64F88BB82872CBC400C1008A /* Build configuration list for PBXProject "GraphQLSwiftUI" */;
			compatibilityVersion = "Xcode 13.0";
			developmentRegion = en;
			hasScannedForEncodings = 0;
			knownRegions = (
				en,
				Base,
			);
			mainGroup = 64F88BB42872CBC400C1008A;
			packageReferences = (
				64F88BCE2872CD8400C1008A /* XCRemoteSwiftPackageReference "apollo-ios" */,
				64F88BDB2872D69F00C1008A /* XCRemoteSwiftPackageReference "apollo-ios" */,
				64F88BE22872D6E500C1008A /* XCRemoteSwiftPackageReference "apollo-ios" */,
			);
			productRefGroup = 64F88BBE2872CBC400C1008A /* Products */;
			projectDirPath = "";
			projectRoot = "";
			targets = (
				64F88BBC2872CBC400C1008A /* GraphQLSwiftUI */,
			);
		};
/* End PBXProject section */

/* Begin PBXResourcesBuildPhase section */
		64F88BBB2872CBC400C1008A /* Resources */ = {
			isa = PBXResourcesBuildPhase;
			buildActionMask = 2147483647;
			files = (
				64F88BD62872D28000C1008A /* Queries.graphql in Resources */,
				64F88BC82872CBC800C1008A /* Preview Assets.xcassets in Resources */,
				64F88BD22872D15000C1008A /* schema.json in Resources */,
				64F88BC52872CBC800C1008A /* Assets.xcassets in Resources */,
			);
			runOnlyForDeploymentPostprocessing = 0;
		};
/* End PBXResourcesBuildPhase section */

/* Begin PBXShellScriptBuildPhase section */
		64F88BD72872D37B00C1008A /* Generate Apollo GraphQL API */ = {
			isa = PBXShellScriptBuildPhase;
			buildActionMask = 2147483647;
			files = (
			);
			inputFileListPaths = (
			);
			inputPaths = (
			);
			name = "Generate Apollo GraphQL API";
			outputFileListPaths = (
			);
			outputPaths = (
			);
			runOnlyForDeploymentPostprocessing = 0;
			shellPath = /bin/sh;
			shellScript = "# Type a script or drag a script file from your workspace to insert its path.\n\n# Don't run this during index builds\nif [ $ACTION = \"indexbuild\" ]; then exit 0; fi\n\n# Go to the build root and search up the chain to find the Derived Data Path where the source packages are checked out.\nDERIVED_DATA_CANDIDATE=\"${BUILD_ROOT}\"\n\nwhile ! [ -d \"${DERIVED_DATA_CANDIDATE}/SourcePackages\" ]; do\n  if [ \"${DERIVED_DATA_CANDIDATE}\" = / ]; then\n    echo >&2 \"error: Unable to locate SourcePackages directory from BUILD_ROOT: '${BUILD_ROOT}'\"\n    exit 1\n  fi\n\n  DERIVED_DATA_CANDIDATE=\"$(dirname \"${DERIVED_DATA_CANDIDATE}\")\"\ndone\n\n# Grab a reference to the directory where scripts are checked out\nSCRIPT_PATH=\"${DERIVED_DATA_CANDIDATE}/SourcePackages/checkouts/apollo-ios/scripts\"\n\nif [ -z \"${SCRIPT_PATH}\" ]; then\n    echo >&2 \"error: Couldn't find the CLI script in your checked out SPM packages; make sure to add the framework to your project.\"\n    exit 1\nfi\n\ncd \"${SRCROOT}/${TARGET_NAME}\"\n\"${SCRIPT_PATH}\"/run-bundled-codegen.sh codegen:generate --target=swift --includes=./**/*.graphql --localSchemaFile=\"schema.json\" ./GraphQL/API.swift\n";
		};
/* End PBXShellScriptBuildPhase section */

/* Begin PBXSourcesBuildPhase section */
		64F88BB92872CBC400C1008A /* Sources */ = {
			isa = PBXSourcesBuildPhase;
			buildActionMask = 2147483647;
			files = (
				64F88BC32872CBC400C1008A /* ContentView.swift in Sources */,
				64F88BE82872D78A00C1008A /* API.swift in Sources */,
				64F88BC12872CBC400C1008A /* GraphQLSwiftUIApp.swift in Sources */,
				64F88BEA2872D87F00C1008A /* ApolloNetwork.swift in Sources */,
				64D2FC172873FAF900C37157 /* CountryDetailView.swift in Sources */,
			);
			runOnlyForDeploymentPostprocessing = 0;
		};
/* End PBXSourcesBuildPhase section */

/* Begin XCBuildConfiguration section */
		64F88BC92872CBC800C1008A /* Debug */ = {
			isa = XCBuildConfiguration;
			buildSettings = {
				ALWAYS_SEARCH_USER_PATHS = NO;
				CLANG_ANALYZER_NONNULL = YES;
				CLANG_ANALYZER_NUMBER_OBJECT_CONVERSION = YES_AGGRESSIVE;
				CLANG_CXX_LANGUAGE_STANDARD = "gnu++17";
				CLANG_ENABLE_MODULES = YES;
				CLANG_ENABLE_OBJC_ARC = YES;
				CLANG_ENABLE_OBJC_WEAK = YES;
				CLANG_WARN_BLOCK_CAPTURE_AUTORELEASING = YES;
				CLANG_WARN_BOOL_CONVERSION = YES;
				CLANG_WARN_COMMA = YES;
				CLANG_WARN_CONSTANT_CONVERSION = YES;
				CLANG_WARN_DEPRECATED_OBJC_IMPLEMENTATIONS = YES;
				CLANG_WARN_DIRECT_OBJC_ISA_USAGE = YES_ERROR;
				CLANG_WARN_DOCUMENTATION_COMMENTS = YES;
				CLANG_WARN_EMPTY_BODY = YES;
				CLANG_WARN_ENUM_CONVERSION = YES;
				CLANG_WARN_INFINITE_RECURSION = YES;
				CLANG_WARN_INT_CONVERSION = YES;
				CLANG_WARN_NON_LITERAL_NULL_CONVERSION = YES;
				CLANG_WARN_OBJC_IMPLICIT_RETAIN_SELF = YES;
				CLANG_WARN_OBJC_LITERAL_CONVERSION = YES;
				CLANG_WARN_OBJC_ROOT_CLASS = YES_ERROR;
				CLANG_WARN_QUOTED_INCLUDE_IN_FRAMEWORK_HEADER = YES;
				CLANG_WARN_RANGE_LOOP_ANALYSIS = YES;
				CLANG_WARN_STRICT_PROTOTYPES = YES;
				CLANG_WARN_SUSPICIOUS_MOVE = YES;
				CLANG_WARN_UNGUARDED_AVAILABILITY = YES_AGGRESSIVE;
				CLANG_WARN_UNREACHABLE_CODE = YES;
				CLANG_WARN__DUPLICATE_METHOD_MATCH = YES;
				COPY_PHASE_STRIP = NO;
				DEBUG_INFORMATION_FORMAT = dwarf;
				ENABLE_STRICT_OBJC_MSGSEND = YES;
				ENABLE_TESTABILITY = YES;
				GCC_C_LANGUAGE_STANDARD = gnu11;
				GCC_DYNAMIC_NO_PIC = NO;
				GCC_NO_COMMON_BLOCKS = YES;
				GCC_OPTIMIZATION_LEVEL = 0;
				GCC_PREPROCESSOR_DEFINITIONS = (
					"DEBUG=1",
					"$(inherited)",
				);
				GCC_WARN_64_TO_32_BIT_CONVERSION = YES;
				GCC_WARN_ABOUT_RETURN_TYPE = YES_ERROR;
				GCC_WARN_UNDECLARED_SELECTOR = YES;
				GCC_WARN_UNINITIALIZED_AUTOS = YES_AGGRESSIVE;
				GCC_WARN_UNUSED_FUNCTION = YES;
				GCC_WARN_UNUSED_VARIABLE = YES;
				IPHONEOS_DEPLOYMENT_TARGET = 15.5;
				MTL_ENABLE_DEBUG_INFO = INCLUDE_SOURCE;
				MTL_FAST_MATH = YES;
				ONLY_ACTIVE_ARCH = YES;
				SDKROOT = iphoneos;
				SWIFT_ACTIVE_COMPILATION_CONDITIONS = DEBUG;
				SWIFT_OPTIMIZATION_LEVEL = "-Onone";
			};
			name = Debug;
		};
		64F88BCA2872CBC800C1008A /* Release */ = {
			isa = XCBuildConfiguration;
			buildSettings = {
				ALWAYS_SEARCH_USER_PATHS = NO;
				CLANG_ANALYZER_NONNULL = YES;
				CLANG_ANALYZER_NUMBER_OBJECT_CONVERSION = YES_AGGRESSIVE;
				CLANG_CXX_LANGUAGE_STANDARD = "gnu++17";
				CLANG_ENABLE_MODULES = YES;
				CLANG_ENABLE_OBJC_ARC = YES;
				CLANG_ENABLE_OBJC_WEAK = YES;
				CLANG_WARN_BLOCK_CAPTURE_AUTORELEASING = YES;
				CLANG_WARN_BOOL_CONVERSION = YES;
				CLANG_WARN_COMMA = YES;
				CLANG_WARN_CONSTANT_CONVERSION = YES;
				CLANG_WARN_DEPRECATED_OBJC_IMPLEMENTATIONS = YES;
				CLANG_WARN_DIRECT_OBJC_ISA_USAGE = YES_ERROR;
				CLANG_WARN_DOCUMENTATION_COMMENTS = YES;
				CLANG_WARN_EMPTY_BODY = YES;
				CLANG_WARN_ENUM_CONVERSION = YES;
				CLANG_WARN_INFINITE_RECURSION = YES;
				CLANG_WARN_INT_CONVERSION = YES;
				CLANG_WARN_NON_LITERAL_NULL_CONVERSION = YES;
				CLANG_WARN_OBJC_IMPLICIT_RETAIN_SELF = YES;
				CLANG_WARN_OBJC_LITERAL_CONVERSION = YES;
				CLANG_WARN_OBJC_ROOT_CLASS = YES_ERROR;
				CLANG_WARN_QUOTED_INCLUDE_IN_FRAMEWORK_HEADER = YES;
				CLANG_WARN_RANGE_LOOP_ANALYSIS = YES;
				CLANG_WARN_STRICT_PROTOTYPES = YES;
				CLANG_WARN_SUSPICIOUS_MOVE = YES;
				CLANG_WARN_UNGUARDED_AVAILABILITY = YES_AGGRESSIVE;
				CLANG_WARN_UNREACHABLE_CODE = YES;
				CLANG_WARN__DUPLICATE_METHOD_MATCH = YES;
				COPY_PHASE_STRIP = NO;
				DEBUG_INFORMATION_FORMAT = "dwarf-with-dsym";
				ENABLE_NS_ASSERTIONS = NO;
				ENABLE_STRICT_OBJC_MSGSEND = YES;
				GCC_C_LANGUAGE_STANDARD = gnu11;
				GCC_NO_COMMON_BLOCKS = YES;
				GCC_WARN_64_TO_32_BIT_CONVERSION = YES;
				GCC_WARN_ABOUT_RETURN_TYPE = YES_ERROR;
				GCC_WARN_UNDECLARED_SELECTOR = YES;
				GCC_WARN_UNINITIALIZED_AUTOS = YES_AGGRESSIVE;
				GCC_WARN_UNUSED_FUNCTION = YES;
				GCC_WARN_UNUSED_VARIABLE = YES;
				IPHONEOS_DEPLOYMENT_TARGET = 15.5;
				MTL_ENABLE_DEBUG_INFO = NO;
				MTL_FAST_MATH = YES;
				SDKROOT = iphoneos;
				SWIFT_COMPILATION_MODE = wholemodule;
				SWIFT_OPTIMIZATION_LEVEL = "-O";
				VALIDATE_PRODUCT = YES;
			};
			name = Release;
		};
		64F88BCC2872CBC800C1008A /* Debug */ = {
			isa = XCBuildConfiguration;
			buildSettings = {
				ASSETCATALOG_COMPILER_APPICON_NAME = AppIcon;
				ASSETCATALOG_COMPILER_GLOBAL_ACCENT_COLOR_NAME = AccentColor;
				CODE_SIGN_STYLE = Automatic;
				CURRENT_PROJECT_VERSION = 1;
				DEVELOPMENT_ASSET_PATHS = "\"GraphQLSwiftUI/Preview Content\"";
				DEVELOPMENT_TEAM = 2XUFV8QBCV;
				ENABLE_PREVIEWS = YES;
				GENERATE_INFOPLIST_FILE = YES;
				INFOPLIST_KEY_UIApplicationSceneManifest_Generation = YES;
				INFOPLIST_KEY_UIApplicationSupportsIndirectInputEvents = YES;
				INFOPLIST_KEY_UILaunchScreen_Generation = YES;
				INFOPLIST_KEY_UISupportedInterfaceOrientations_iPad = "UIInterfaceOrientationPortrait UIInterfaceOrientationPortraitUpsideDown UIInterfaceOrientationLandscapeLeft UIInterfaceOrientationLandscapeRight";
				INFOPLIST_KEY_UISupportedInterfaceOrientations_iPhone = "UIInterfaceOrientationPortrait UIInterfaceOrientationLandscapeLeft UIInterfaceOrientationLandscapeRight";
				LD_RUNPATH_SEARCH_PATHS = (
					"$(inherited)",
					"@executable_path/Frameworks",
				);
				MARKETING_VERSION = 1.0;
				PRODUCT_BUNDLE_IDENTIFIER = com.manuelduarte077.GraphQLSwiftUI;
				PRODUCT_NAME = "$(TARGET_NAME)";
				SWIFT_EMIT_LOC_STRINGS = YES;
				SWIFT_VERSION = 5.0;
				TARGETED_DEVICE_FAMILY = "1,2";
			};
			name = Debug;
		};
		64F88BCD2872CBC800C1008A /* Release */ = {
			isa = XCBuildConfiguration;
			buildSettings = {
				ASSETCATALOG_COMPILER_APPICON_NAME = AppIcon;
				ASSETCATALOG_COMPILER_GLOBAL_ACCENT_COLOR_NAME = AccentColor;
				CODE_SIGN_STYLE = Automatic;
				CURRENT_PROJECT_VERSION = 1;
				DEVELOPMENT_ASSET_PATHS = "\"GraphQLSwiftUI/Preview Content\"";
				DEVELOPMENT_TEAM = 2XUFV8QBCV;
				ENABLE_PREVIEWS = YES;
				GENERATE_INFOPLIST_FILE = YES;
				INFOPLIST_KEY_UIApplicationSceneManifest_Generation = YES;
				INFOPLIST_KEY_UIApplicationSupportsIndirectInputEvents = YES;
				INFOPLIST_KEY_UILaunchScreen_Generation = YES;
				INFOPLIST_KEY_UISupportedInterfaceOrientations_iPad = "UIInterfaceOrientationPortrait UIInterfaceOrientationPortraitUpsideDown UIInterfaceOrientationLandscapeLeft UIInterfaceOrientationLandscapeRight";
				INFOPLIST_KEY_UISupportedInterfaceOrientations_iPhone = "UIInterfaceOrientationPortrait UIInterfaceOrientationLandscapeLeft UIInterfaceOrientationLandscapeRight";
				LD_RUNPATH_SEARCH_PATHS = (
					"$(inherited)",
					"@executable_path/Frameworks",
				);
				MARKETING_VERSION = 1.0;
				PRODUCT_BUNDLE_IDENTIFIER = com.manuelduarte077.GraphQLSwiftUI;
				PRODUCT_NAME = "$(TARGET_NAME)";
				SWIFT_EMIT_LOC_STRINGS = YES;
				SWIFT_VERSION = 5.0;
				TARGETED_DEVICE_FAMILY = "1,2";
			};
			name = Release;
		};
/* End XCBuildConfiguration section */

/* Begin XCConfigurationList section */
		64F88BB82872CBC400C1008A /* Build configuration list for PBXProject "GraphQLSwiftUI" */ = {
			isa = XCConfigurationList;
			buildConfigurations = (
				64F88BC92872CBC800C1008A /* Debug */,
				64F88BCA2872CBC800C1008A /* Release */,
			);
			defaultConfigurationIsVisible = 0;
			defaultConfigurationName = Release;
		};
		64F88BCB2872CBC800C1008A /* Build configuration list for PBXNativeTarget "GraphQLSwiftUI" */ = {
			isa = XCConfigurationList;
			buildConfigurations = (
				64F88BCC2872CBC800C1008A /* Debug */,
				64F88BCD2872CBC800C1008A /* Release */,
			);
			defaultConfigurationIsVisible = 0;
			defaultConfigurationName = Release;
		};
/* End XCConfigurationList section */

/* Begin XCRemoteSwiftPackageReference section */
		64F88BCE2872CD8400C1008A /* XCRemoteSwiftPackageReference "apollo-ios" */ = {
			isa = XCRemoteSwiftPackageReference;
			repositoryURL = "https://github.com/apollographql/apollo-ios.git";
			requirement = {
				kind = upToNextMinorVersion;
				minimumVersion = 0.9.5;
			};
		};
		64F88BDB2872D69F00C1008A /* XCRemoteSwiftPackageReference "apollo-ios" */ = {
			isa = XCRemoteSwiftPackageReference;
			repositoryURL = "https://github.com/apollographql/apollo-ios.git";
			requirement = {
				branch = main;
				kind = branch;
			};
		};
		64F88BE22872D6E500C1008A /* XCRemoteSwiftPackageReference "apollo-ios" */ = {
			isa = XCRemoteSwiftPackageReference;
			repositoryURL = "https://github.com/apollographql/apollo-ios.git";
			requirement = {
				branch = main;
				kind = branch;
			};
		};
/* End XCRemoteSwiftPackageReference section */

/* Begin XCSwiftPackageProductDependency section */
		64F88BCF2872CD8400C1008A /* Apollo */ = {
			isa = XCSwiftPackageProductDependency;
			package = 64F88BCE2872CD8400C1008A /* XCRemoteSwiftPackageReference "apollo-ios" */;
			productName = Apollo;
		};
		64F88BD92872D4DD00C1008A /* Apollo */ = {
			isa = XCSwiftPackageProductDependency;
			package = 64F88BCE2872CD8400C1008A /* XCRemoteSwiftPackageReference "apollo-ios" */;
			productName = Apollo;
		};
		64F88BDC2872D69F00C1008A /* Apollo */ = {
			isa = XCSwiftPackageProductDependency;
			package = 64F88BDB2872D69F00C1008A /* XCRemoteSwiftPackageReference "apollo-ios" */;
			productName = Apollo;
		};
		64F88BDE2872D69F00C1008A /* ApolloCodegenLib */ = {
			isa = XCSwiftPackageProductDependency;
			package = 64F88BDB2872D69F00C1008A /* XCRemoteSwiftPackageReference "apollo-ios" */;
			productName = ApolloCodegenLib;
		};
		64F88BE02872D69F00C1008A /* ApolloWebSocket */ = {
			isa = XCSwiftPackageProductDependency;
			package = 64F88BDB2872D69F00C1008A /* XCRemoteSwiftPackageReference "apollo-ios" */;
			productName = ApolloWebSocket;
		};
		64F88BE32872D6E500C1008A /* ApolloCodegenLib */ = {
			isa = XCSwiftPackageProductDependency;
			package = 64F88BDB2872D69F00C1008A /* XCRemoteSwiftPackageReference "apollo-ios" */;
			productName = ApolloCodegenLib;
		};
		64F88BE52872D6E500C1008A /* ApolloWebSocket */ = {
			isa = XCSwiftPackageProductDependency;
			package = 64F88BDB2872D69F00C1008A /* XCRemoteSwiftPackageReference "apollo-ios" */;
			productName = ApolloWebSocket;
		};
/* End XCSwiftPackageProductDependency section */
	};
	rootObject = 64F88BB52872CBC400C1008A /* Project object */;
}
